PODS:
  - BrightFutures (5.2.0):
    - Result (~> 3.2)
  - Result (3.2.3)
  - YelpAPI (2.0.0)

DEPENDENCIES:
  - BrightFutures
  - YelpAPI

SPEC CHECKSUMS:
  BrightFutures: 8681dbb9fa831b69b6e7dc4a498b9e081d5daeb5
  Result: 128640a6347e8d2ae48b142556739a2d13f90ce6
  YelpAPI: a0475cf4a7b6f9fe81f1bb7b8a8492770f21e3c7

PODFILE CHECKSUM: 16cde304401b9c93ec16c0de910bc0209f2fa471

COCOAPODS: 1.2.1
